
Microsoft Visual Studio Solution File, Format Version 12.00
# Visual Studio Version 16
VisualStudioVersion = 16.0.31410.357
MinimumVisualStudioVersion = 10.0.40219.1
Project("{2150E333-8FDC-42A3-9474-1A3956D46DE8}") = "src", "src", "{75AF9056-6012-479F-8252-DCF3438A76C9}"
EndProject
Project("{2150E333-8FDC-42A3-9474-1A3956D46DE8}") = "doc", "doc", "{99050298-C3A7-4F42-A80F-22D737905932}"
	ProjectSection(SolutionItems) = preProject
		doc\CodeTest.pdf = doc\CodeTest.pdf
	EndProjectSection
EndProject
Project("{9A19103F-16F7-4668-BE54-9A1E7A4F7556}") = "TDDCalculator.Domain", "src\Domain\TDDCalculator.Domain.csproj", "{92EF245C-2702-4A38-8EF2-B8C276A6B27D}"
EndProject
Project("{9A19103F-16F7-4668-BE54-9A1E7A4F7556}") = "TDDCalculator.Service", "src\Service\TDDCalculator.Service.csproj", "{39D4BA38-F5A6-43B3-8047-C5E56E9F6DCC}"
EndProject
Project("{9A19103F-16F7-4668-BE54-9A1E7A4F7556}") = "TDDCalculator.UnitTests", "src\UnitTests\TDDCalculator.UnitTests.csproj", "{27798979-C1CB-4F8E-A0FD-503E36B1FB16}"
EndProject
Project("{9A19103F-16F7-4668-BE54-9A1E7A4F7556}") = "TDDCalculator.WebApi", "src\WebApi\TDDCalculator.WebApi.csproj", "{E5476213-6589-461F-8F8C-2F4BFF471ACD}"
EndProject
Project("{9A19103F-16F7-4668-BE54-9A1E7A4F7556}") = "TDDCalculator.WpfClient", "src\WpfClient\TDDCalculator.WpfClient.csproj", "{6202A27F-41B4-4851-8843-1C4D349AAE88}"
EndProject
Global
	GlobalSection(SolutionConfigurationPlatforms) = preSolution
		Debug|Any CPU = Debug|Any CPU
		Release|Any CPU = Release|Any CPU
	EndGlobalSection
	GlobalSection(ProjectConfigurationPlatforms) = postSolution
		{92EF245C-2702-4A38-8EF2-B8C276A6B27D}.Debug|Any CPU.ActiveCfg = Debug|Any CPU
		{92EF245C-2702-4A38-8EF2-B8C276A6B27D}.Debug|Any CPU.Build.0 = Debug|Any CPU
		{92EF245C-2702-4A38-8EF2-B8C276A6B27D}.Release|Any CPU.ActiveCfg = Release|Any CPU
		{92EF245C-2702-4A38-8EF2-B8C276A6B27D}.Release|Any CPU.Build.0 = Release|Any CPU
		{39D4BA38-F5A6-43B3-8047-C5E56E9F6DCC}.Debug|Any CPU.ActiveCfg = Debug|Any CPU
		{39D4BA38-F5A6-43B3-8047-C5E56E9F6DCC}.Debug|Any CPU.Build.0 = Debug|Any CPU
		{39D4BA38-F5A6-43B3-8047-C5E56E9F6DCC}.Release|Any CPU.ActiveCfg = Release|Any CPU
		{39D4BA38-F5A6-43B3-8047-C5E56E9F6DCC}.Release|Any CPU.Build.0 = Release|Any CPU
		{27798979-C1CB-4F8E-A0FD-503E36B1FB16}.Debug|Any CPU.ActiveCfg = Debug|Any CPU
		{27798979-C1CB-4F8E-A0FD-503E36B1FB16}.Debug|Any CPU.Build.0 = Debug|Any CPU
		{27798979-C1CB-4F8E-A0FD-503E36B1FB16}.Release|Any CPU.ActiveCfg = Release|Any CPU
		{27798979-C1CB-4F8E-A0FD-503E36B1FB16}.Release|Any CPU.Build.0 = Release|Any CPU
		{E5476213-6589-461F-8F8C-2F4BFF471ACD}.Debug|Any CPU.ActiveCfg = Debug|Any CPU
		{E5476213-6589-461F-8F8C-2F4BFF471ACD}.Debug|Any CPU.Build.0 = Debug|Any CPU
		{E5476213-6589-461F-8F8C-2F4BFF471ACD}.Release|Any CPU.ActiveCfg = Release|Any CPU
		{E5476213-6589-461F-8F8C-2F4BFF471ACD}.Release|Any CPU.Build.0 = Release|Any CPU
		{6202A27F-41B4-4851-8843-1C4D349AAE88}.Debug|Any CPU.ActiveCfg = Debug|Any CPU
		{6202A27F-41B4-4851-8843-1C4D349AAE88}.Debug|Any CPU.Build.0 = Debug|Any CPU
		{6202A27F-41B4-4851-8843-1C4D349AAE88}.Release|Any CPU.ActiveCfg = Release|Any CPU
		{6202A27F-41B4-4851-8843-1C4D349AAE88}.Release|Any CPU.Build.0 = Release|Any CPU
	EndGlobalSection
	GlobalSection(SolutionProperties) = preSolution
		HideSolutionNode = FALSE
	EndGlobalSection
	GlobalSection(NestedProjects) = preSolution
		{92EF245C-2702-4A38-8EF2-B8C276A6B27D} = {75AF9056-6012-479F-8252-DCF3438A76C9}
		{39D4BA38-F5A6-43B3-8047-C5E56E9F6DCC} = {75AF9056-6012-479F-8252-DCF3438A76C9}
		{27798979-C1CB-4F8E-A0FD-503E36B1FB16} = {75AF9056-6012-479F-8252-DCF3438A76C9}
		{E5476213-6589-461F-8F8C-2F4BFF471ACD} = {75AF9056-6012-479F-8252-DCF3438A76C9}
		{6202A27F-41B4-4851-8843-1C4D349AAE88} = {75AF9056-6012-479F-8252-DCF3438A76C9}
	EndGlobalSection
	GlobalSection(ExtensibilityGlobals) = postSolution
		SolutionGuid = {DCC2BBCA-E676-46BD-8448-2B81DDF23438}
	EndGlobalSection
EndGlobal
