
Microsoft Visual Studio Solution File, Format Version 12.00
# Visual Studio Version 16
VisualStudioVersion = 16.0.31410.357
MinimumVisualStudioVersion = 10.0.40219.1
Project("{9A19103F-16F7-4668-BE54-9A1E7A4F7556}") = "Calculator.Wpf", "src\WpfClient\Calculator.Wpf.csproj", "{EFCE91E0-F356-4927-B080-9D0A99853FB4}"
EndProject
Global
	GlobalSection(SolutionConfigurationPlatforms) = preSolution
		Debug|Any CPU = Debug|Any CPU
		Release|Any CPU = Release|Any CPU
	EndGlobalSection
	GlobalSection(ProjectConfigurationPlatforms) = postSolution
		{EFCE91E0-F356-4927-B080-9D0A99853FB4}.Debug|Any CPU.ActiveCfg = Debug|Any CPU
		{EFCE91E0-F356-4927-B080-9D0A99853FB4}.Debug|Any CPU.Build.0 = Debug|Any CPU
		{EFCE91E0-F356-4927-B080-9D0A99853FB4}.Release|Any CPU.ActiveCfg = Release|Any CPU
		{EFCE91E0-F356-4927-B080-9D0A99853FB4}.Release|Any CPU.Build.0 = Release|Any CPU
	EndGlobalSection
	GlobalSection(SolutionProperties) = preSolution
		HideSolutionNode = FALSE
	EndGlobalSection
	GlobalSection(ExtensibilityGlobals) = postSolution
		SolutionGuid = {DCC2BBCA-E676-46BD-8448-2B81DDF23438}
	EndGlobalSection
EndGlobal
